<?xml version="1.0" encoding="utf-8"?>
<Project ToolsVersion="4.0" xmlns="http://schemas.microsoft.com/developer/msbuild/2003">
  <ItemGroup>
    <Filter Include="Main">
      <UniqueIdentifier>{d7ab938b-d0c0-44f1-bd44-e07251ecea41}</UniqueIdentifier>
    </Filter>
    <Filter Include="Implementation">
      <UniqueIdentifier>{db776c93-4053-4da3-8610-2ae5306bd331}</UniqueIdentifier>
    </Filter>
    <Filter Include="Implementation\Modules">
      <UniqueIdentifier>{984002e2-c9d4-4d3d-9849-93949cda1a8a}</UniqueIdentifier>
    </Filter>
    <Filter Include="Implementation\Fixes">
      <UniqueIdentifier>{8b9b2f5e-2631-49b7-bd7a-62c95af4320c}</UniqueIdentifier>
    </Filter>
    <Filter Include="Common">
      <UniqueIdentifier>{338e16ac-dc29-4c25-8903-b8f673b31143}</UniqueIdentifier>
    </Filter>
    <Filter Include="Common\Helpers">
      <UniqueIdentifier>{152c40a1-e427-4431-aa94-8dcbd471d82c}</UniqueIdentifier>
    </Filter>
    <Filter Include="Common\Interfaces">
      <UniqueIdentifier>{84729fe2-b8d5-4ddb-bbac-8c5a47e2cb76}</UniqueIdentifier>
    </Filter>
    <Filter Include="Implementation\Modules\Registry">
      <UniqueIdentifier>{4dc14335-3a61-4c39-95ba-0e51a7c2aea7}</UniqueIdentifier>
    </Filter>
    <Filter Include="Implementation\Fixes\Macros">
      <UniqueIdentifier>{20ddd43d-89b4-4686-add5-28db65204562}</UniqueIdentifier>
    </Filter>
    <Filter Include="Implementation\Fixes\Trade">
      <UniqueIdentifier>{6e07834d-8ec9-4294-acd2-c566b448514d}</UniqueIdentifier>
    </Filter>
    <Filter Include="Implementation\Utils">
      <UniqueIdentifier>{267211dc-6ee0-4971-aee6-c95814bfc120}</UniqueIdentifier>
    </Filter>
    <Filter Include="Implementation\Fixes\ViewInvisible">
      <UniqueIdentifier>{e43d18ab-92a4-4958-9776-0cf059fb682a}</UniqueIdentifier>
    </Filter>
    <Filter Include="Implementation\Fixes\MiningOre">
      <UniqueIdentifier>{39ee3179-5602-426d-9704-6e786f445445}</UniqueIdentifier>
    </Filter>
    <Filter Include="Implementation\Fixes\Trap">
      <UniqueIdentifier>{48c0338d-0a93-4f86-8919-a81bbafdf6c1}</UniqueIdentifier>
    </Filter>
    <Filter Include="Implementation\Fixes\Player">
      <UniqueIdentifier>{6a832ba5-0d5d-45e9-89da-24362a1bffb3}</UniqueIdentifier>
    </Filter>
    <Filter Include="Implementation\Fixes\Unit">
      <UniqueIdentifier>{bb6b1a64-3f3c-4d47-b571-fc3ae31630be}</UniqueIdentifier>
    </Filter>
    <Filter Include="Implementation\Fixes\Vote">
      <UniqueIdentifier>{3cf2e210-ea01-4cc8-8f0f-5d987e9b3fa3}</UniqueIdentifier>
    </Filter>
    <Filter Include="Implementation\Fixes\Guild">
      <UniqueIdentifier>{99848ae7-d06b-448a-ad60-10bbb94df9f2}</UniqueIdentifier>
    </Filter>
    <Filter Include="Implementation\Fixes\CheatCommand">
      <UniqueIdentifier>{c042b090-b1b0-40d8-b730-f223d2a86a42}</UniqueIdentifier>
    </Filter>
    <Filter Include="Implementation\Fixes\CreatePlayer">
      <UniqueIdentifier>{cd64afa6-430b-450e-9a46-b276ca54313a}</UniqueIdentifier>
    </Filter>
    <Filter Include="Implementation\Fixes\UpdateGeneral">
      <UniqueIdentifier>{c6e01146-e788-4c6a-b17e-0d8d8ee0f916}</UniqueIdentifier>
    </Filter>
    <Filter Include="Implementation\Fixes\PcBangFavor">
      <UniqueIdentifier>{774a8f92-6288-4e85-859f-057b20d6a406}</UniqueIdentifier>
    </Filter>
    <Filter Include="Implementation\Fixes\Store">
      <UniqueIdentifier>{292ca720-6865-4724-82a1-13f22689c64e}</UniqueIdentifier>
    </Filter>
    <Filter Include="Implementation\Fixes\PotionMgr">
      <UniqueIdentifier>{31a519c1-5b7b-460b-a1f3-198574d5ca65}</UniqueIdentifier>
    </Filter>
    <Filter Include="Implementation\Fixes\ChatSystem">
      <UniqueIdentifier>{df0f5e39-c221-4f98-a8e4-5670aa31f199}</UniqueIdentifier>
    </Filter>
    <Filter Include="Implementation\Fixes\AttackSystem">
      <UniqueIdentifier>{6796257e-e00e-420e-9ad3-8865227e966a}</UniqueIdentifier>
    </Filter>
    <Filter Include="Implementation\Fixes\QuestMng">
      <UniqueIdentifier>{d6438ea4-42f8-43c1-9493-b2f452c9ec6b}</UniqueIdentifier>
    </Filter>
    <Filter Include="Implementation\Fixes\UnmannedTrader">
      <UniqueIdentifier>{632011d3-ab3e-47cf-b6d4-72bf3777902b}</UniqueIdentifier>
    </Filter>
    <Filter Include="Implementation\Fixes\PostSystem">
      <UniqueIdentifier>{7a2d2e51-2529-49f0-9449-da8973679f93}</UniqueIdentifier>
    </Filter>
    <Filter Include="Implementation\Fixes\NetworkEx">
      <UniqueIdentifier>{71d1d1ce-c478-4d8f-827b-757912d79089}</UniqueIdentifier>
    </Filter>
    <Filter Include="Implementation\Fixes\Trunk">
      <UniqueIdentifier>{be239024-89dd-4f03-8eee-2af981693b23}</UniqueIdentifier>
    </Filter>
    <Filter Include="Implementation\Fixes\Equip">
      <UniqueIdentifier>{a29eb2ba-d869-4000-846e-04f4ed3ba569}</UniqueIdentifier>
    </Filter>
    <Filter Include="Implementation\Extension">
      <UniqueIdentifier>{971f852f-50d9-4cfd-852a-fa51392744a3}</UniqueIdentifier>
    </Filter>
    <Filter Include="Implementation\Extension\PlayerEx">
      <UniqueIdentifier>{f2c272f9-f9d6-474d-a60f-324a62632076}</UniqueIdentifier>
    </Filter>
    <Filter Include="Implementation\Extension\CrashDump">
      <UniqueIdentifier>{7bc92765-7618-49c2-9940-8c3d8a665ded}</UniqueIdentifier>
    </Filter>
    <Filter Include="Implementation\Extension\PlayerEx\PvpOrderView">
      <UniqueIdentifier>{24f22438-12fc-4aca-a8da-4fc328e4a94c}</UniqueIdentifier>
    </Filter>
    <Filter Include="Implementation\Extension\ReadSystemPass">
      <UniqueIdentifier>{f14f6349-860f-4a12-88f4-1de7d233a87f}</UniqueIdentifier>
    </Filter>
    <Filter Include="Implementation\Extension\PlayerEx\Move">
      <UniqueIdentifier>{a5a5a5fb-58b8-48ea-9fef-8da7d2bfd206}</UniqueIdentifier>
    </Filter>
    <Filter Include="Implementation\Fixes\AutominePersonal">
      <UniqueIdentifier>{8e39544e-b3b3-45ed-9fd7-68ddfd5507d2}</UniqueIdentifier>
    </Filter>
    <Filter Include="Implementation\Extension\Performance">
      <UniqueIdentifier>{5916199d-738c-40de-bc71-8088b9fab9bb}</UniqueIdentifier>
    </Filter>
  </ItemGroup>
  <ItemGroup>
    <ClCompile Include="dllmain.cpp">
      <Filter>Main</Filter>
    </ClCompile>
    <ClCompile Include="stdafx.cpp">
      <Filter>Main</Filter>
    </ClCompile>
    <ClCompile Include="Yorozuya.cpp">
      <Filter>Implementation</Filter>
    </ClCompile>
    <ClCompile Include="ModuleRegistry.cpp">
      <Filter>Implementation\Modules\Registry</Filter>
    </ClCompile>
    <ClCompile Include="Macros.cpp">
      <Filter>Implementation\Fixes\Macros</Filter>
    </ClCompile>
    <ClCompile Include="Trade.cpp">
      <Filter>Implementation\Fixes\Trade</Filter>
    </ClCompile>
    <ClCompile Include="ItemCheckHelper.cpp">
      <Filter>Implementation\Utils</Filter>
    </ClCompile>
    <ClCompile Include="ViewInvisible.cpp">
      <Filter>Implementation\Fixes\ViewInvisible</Filter>
    </ClCompile>
    <ClCompile Include="MiningOre.cpp">
      <Filter>Implementation\Fixes\MiningOre</Filter>
    </ClCompile>
    <ClCompile Include="Trap.cpp">
      <Filter>Implementation\Fixes\Trap</Filter>
    </ClCompile>
    <ClCompile Include="Player.cpp">
      <Filter>Implementation\Fixes\Player</Filter>
    </ClCompile>
    <ClCompile Include="Unit.cpp">
      <Filter>Implementation\Fixes\Unit</Filter>
    </ClCompile>
    <ClCompile Include="Vote.cpp">
      <Filter>Implementation\Fixes\Vote</Filter>
    </ClCompile>
    <ClCompile Include="Guild.cpp">
      <Filter>Implementation\Fixes\Guild</Filter>
    </ClCompile>
    <ClCompile Include="CheatCommand.cpp">
      <Filter>Implementation\Fixes\CheatCommand</Filter>
    </ClCompile>
    <ClCompile Include="CreatePlayer.cpp">
      <Filter>Implementation\Fixes\CreatePlayer</Filter>
    </ClCompile>
    <ClCompile Include="UpdateGeneral.cpp">
      <Filter>Implementation\Fixes\UpdateGeneral</Filter>
    </ClCompile>
    <ClCompile Include="PcBangFavor.cpp">
      <Filter>Implementation\Fixes\PcBangFavor</Filter>
    </ClCompile>
    <ClCompile Include="Store.cpp">
      <Filter>Implementation\Fixes\Store</Filter>
    </ClCompile>
    <ClCompile Include="PotionMgr.cpp">
      <Filter>Implementation\Fixes\PotionMgr</Filter>
    </ClCompile>
    <ClCompile Include="ChatSystem.cpp">
      <Filter>Implementation\Fixes\ChatSystem</Filter>
    </ClCompile>
    <ClCompile Include="AttackSystem.cpp">
      <Filter>Implementation\Fixes\AttackSystem</Filter>
    </ClCompile>
    <ClCompile Include="QuestMng.cpp">
      <Filter>Implementation\Fixes\QuestMng</Filter>
    </ClCompile>
    <ClCompile Include="UnmannedTrader.cpp">
      <Filter>Implementation\Fixes\UnmannedTrader</Filter>
    </ClCompile>
    <ClCompile Include="PostSystem.cpp">
      <Filter>Implementation\Fixes\PostSystem</Filter>
    </ClCompile>
    <ClCompile Include="NetworkEx.cpp">
      <Filter>Implementation\Fixes\NetworkEx</Filter>
    </ClCompile>
    <ClCompile Include="Trunk.cpp">
      <Filter>Implementation\Fixes\Trunk</Filter>
    </ClCompile>
    <ClCompile Include="Equip.cpp">
      <Filter>Implementation\Fixes\Equip</Filter>
    </ClCompile>
    <ClCompile Include="PlayerEx.cpp">
      <Filter>Implementation\Extension\PlayerEx</Filter>
    </ClCompile>
    <ClCompile Include="CrashDump.cpp">
      <Filter>Implementation\Extension\CrashDump</Filter>
    </ClCompile>
    <ClCompile Include="PlayerSystem.cpp">
      <Filter>Implementation\Fixes\Player</Filter>
    </ClCompile>
    <ClCompile Include="PlayerPvpOrderView.cpp">
      <Filter>Implementation\Fixes\Player</Filter>
    </ClCompile>
    <ClCompile Include="PlayerEx_PvpOrderView.cpp">
      <Filter>Implementation\Extension\PlayerEx\PvpOrderView</Filter>
    </ClCompile>
    <ClCompile Include="ReadSystemPass.cpp">
      <Filter>Implementation\Extension\ReadSystemPass</Filter>
    </ClCompile>
    <ClCompile Include="PlayerMove.cpp">
      <Filter>Implementation\Fixes\Player</Filter>
    </ClCompile>
    <ClCompile Include="PlayerEx_Move.cpp">
      <Filter>Implementation\Extension\PlayerEx\Move</Filter>
    </ClCompile>
    <ClCompile Include="AutominePersonal.cpp">
      <Filter>Implementation\Fixes\AutominePersonal</Filter>
    </ClCompile>
    <ClCompile Include="AttackSystem_CalcPoint.cpp">
      <Filter>Implementation\Fixes\AttackSystem</Filter>
    </ClCompile>
    <ClCompile Include="Performance.cpp">
      <Filter>Implementation\Extension\Performance</Filter>
    </ClCompile>
    <ClCompile Include="..\Common\Helpers\zip.cpp">
      <Filter>Common\Helpers</Filter>
    </ClCompile>
  </ItemGroup>
  <ItemGroup>
    <ClInclude Include="stdafx.h">
      <Filter>Main</Filter>
    </ClInclude>
    <ClInclude Include="Yorozuya.h">
      <Filter>Implementation</Filter>
    </ClInclude>
    <ClInclude Include="..\Common\Helpers\SingletonHelper.hpp">
      <Filter>Common\Helpers</Filter>
    </ClInclude>
    <ClInclude Include="..\Common\Interfaces\ModuleInterface.h">
      <Filter>Common\Interfaces</Filter>
    </ClInclude>
    <ClInclude Include="ModuleRegistry.h">
      <Filter>Implementation\Modules\Registry</Filter>
    </ClInclude>
    <ClInclude Include="..\Common\Helpers\ModuleDllHelper.hpp">
      <Filter>Common\Helpers</Filter>
    </ClInclude>
    <ClInclude Include="Macros.h">
      <Filter>Implementation\Fixes\Macros</Filter>
    </ClInclude>
    <ClInclude Include="Trade.h">
      <Filter>Implementation\Fixes\Trade</Filter>
    </ClInclude>
    <ClInclude Include="ItemCheckHelper.h">
      <Filter>Implementation\Utils</Filter>
    </ClInclude>
    <ClInclude Include="ETypes.h">
      <Filter>Implementation\Utils</Filter>
    </ClInclude>
    <ClInclude Include="ViewInvisible.h">
      <Filter>Implementation\Fixes\ViewInvisible</Filter>
    </ClInclude>
    <ClInclude Include="MiningOre.h">
      <Filter>Implementation\Fixes\MiningOre</Filter>
    </ClInclude>
    <ClInclude Include="Trap.h">
      <Filter>Implementation\Fixes\Trap</Filter>
    </ClInclude>
    <ClInclude Include="Player.h">
      <Filter>Implementation\Fixes\Player</Filter>
    </ClInclude>
    <ClInclude Include="Unit.h">
      <Filter>Implementation\Fixes\Unit</Filter>
    </ClInclude>
    <ClInclude Include="Vote.h">
      <Filter>Implementation\Fixes\Vote</Filter>
    </ClInclude>
    <ClInclude Include="Guild.h">
      <Filter>Implementation\Fixes\Guild</Filter>
    </ClInclude>
    <ClInclude Include="CheatCommand.h">
      <Filter>Implementation\Fixes\CheatCommand</Filter>
    </ClInclude>
    <ClInclude Include="CreatePlayer.h">
      <Filter>Implementation\Fixes\CreatePlayer</Filter>
    </ClInclude>
    <ClInclude Include="UpdateGeneral.h">
      <Filter>Implementation\Fixes\UpdateGeneral</Filter>
    </ClInclude>
    <ClInclude Include="PcBangFavor.h">
      <Filter>Implementation\Fixes\PcBangFavor</Filter>
    </ClInclude>
    <ClInclude Include="Store.h">
      <Filter>Implementation\Fixes\Store</Filter>
    </ClInclude>
    <ClInclude Include="PotionMgr.h">
      <Filter>Implementation\Fixes\PotionMgr</Filter>
    </ClInclude>
    <ClInclude Include="ChatSystem.h">
      <Filter>Implementation\Fixes\ChatSystem</Filter>
    </ClInclude>
    <ClInclude Include="AttackSystem.h">
      <Filter>Implementation\Fixes\AttackSystem</Filter>
    </ClInclude>
    <ClInclude Include="QuestMng.h">
      <Filter>Implementation\Fixes\QuestMng</Filter>
    </ClInclude>
    <ClInclude Include="UnmannedTrader.h">
      <Filter>Implementation\Fixes\UnmannedTrader</Filter>
    </ClInclude>
    <ClInclude Include="PostSystem.h">
      <Filter>Implementation\Fixes\PostSystem</Filter>
    </ClInclude>
    <ClInclude Include="UnmannedTraderEx.h">
      <Filter>Implementation\Fixes\UnmannedTrader</Filter>
    </ClInclude>
    <ClInclude Include="NetworkEx.h">
      <Filter>Implementation\Fixes\NetworkEx</Filter>
    </ClInclude>
    <ClInclude Include="Trunk.h">
      <Filter>Implementation\Fixes\Trunk</Filter>
    </ClInclude>
    <ClInclude Include="Equip.h">
      <Filter>Implementation\Fixes\Equip</Filter>
    </ClInclude>
    <ClInclude Include="PlayerEx.h">
      <Filter>Implementation\Extension\PlayerEx</Filter>
    </ClInclude>
    <ClInclude Include="CrashDump.h">
      <Filter>Implementation\Extension\CrashDump</Filter>
    </ClInclude>
    <ClInclude Include="PlayerEx_detail.h">
      <Filter>Implementation\Extension\PlayerEx</Filter>
    </ClInclude>
    <ClInclude Include="ReadSystemPass.h">
      <Filter>Implementation\Extension\ReadSystemPass</Filter>
    </ClInclude>
    <ClInclude Include="AttackSystemError.h">
      <Filter>Implementation\Fixes\AttackSystem</Filter>
    </ClInclude>
    <ClInclude Include="AutominePersonal.h">
      <Filter>Implementation\Fixes\AutominePersonal</Filter>
    </ClInclude>
    <ClInclude Include="Performance.h">
      <Filter>Implementation\Extension\Performance</Filter>
    </ClInclude>
    <ClInclude Include="..\Common\Helpers\zip.h">
      <Filter>Common\Helpers</Filter>
    </ClInclude>
  </ItemGroup>
</Project>