<?xml version="1.0" encoding="utf-8"?>
<Project ToolsVersion="4.0" xmlns="http://schemas.microsoft.com/developer/msbuild/2003">
  <ItemGroup>
    <Filter Include="Main">
      <UniqueIdentifier>{d7ab938b-d0c0-44f1-bd44-e07251ecea41}</UniqueIdentifier>
    </Filter>
    <Filter Include="Implementation">
      <UniqueIdentifier>{db776c93-4053-4da3-8610-2ae5306bd331}</UniqueIdentifier>
    </Filter>
    <Filter Include="Implementation\Modules">
      <UniqueIdentifier>{984002e2-c9d4-4d3d-9849-93949cda1a8a}</UniqueIdentifier>
    </Filter>
    <Filter Include="Implementation\Fixes">
      <UniqueIdentifier>{8b9b2f5e-2631-49b7-bd7a-62c95af4320c}</UniqueIdentifier>
    </Filter>
    <Filter Include="Common">
      <UniqueIdentifier>{338e16ac-dc29-4c25-8903-b8f673b31143}</UniqueIdentifier>
    </Filter>
    <Filter Include="Common\Helpers">
      <UniqueIdentifier>{152c40a1-e427-4431-aa94-8dcbd471d82c}</UniqueIdentifier>
    </Filter>
    <Filter Include="Common\Interfaces">
      <UniqueIdentifier>{84729fe2-b8d5-4ddb-bbac-8c5a47e2cb76}</UniqueIdentifier>
    </Filter>
    <Filter Include="Implementation\Addons">
      <UniqueIdentifier>{bb0a8c58-6179-4c9e-855d-999f09ea6bfc}</UniqueIdentifier>
    </Filter>
    <Filter Include="Implementation\Modules\Registry">
      <UniqueIdentifier>{4dc14335-3a61-4c39-95ba-0e51a7c2aea7}</UniqueIdentifier>
    </Filter>
    <Filter Include="Implementation\Fixes\Macros">
      <UniqueIdentifier>{20ddd43d-89b4-4686-add5-28db65204562}</UniqueIdentifier>
    </Filter>
    <Filter Include="Implementation\Fixes\Trade">
      <UniqueIdentifier>{6e07834d-8ec9-4294-acd2-c566b448514d}</UniqueIdentifier>
    </Filter>
    <Filter Include="Implementation\Utils">
      <UniqueIdentifier>{267211dc-6ee0-4971-aee6-c95814bfc120}</UniqueIdentifier>
    </Filter>
    <Filter Include="Implementation\Fixes\UnitDelivery">
      <UniqueIdentifier>{bb6b1a64-3f3c-4d47-b571-fc3ae31630be}</UniqueIdentifier>
    </Filter>
  </ItemGroup>
  <ItemGroup>
    <ClCompile Include="dllmain.cpp">
      <Filter>Main</Filter>
    </ClCompile>
    <ClCompile Include="stdafx.cpp">
      <Filter>Main</Filter>
    </ClCompile>
    <ClCompile Include="Yorozuya.cpp">
      <Filter>Implementation</Filter>
    </ClCompile>
    <ClCompile Include="ModuleRegistry.cpp">
      <Filter>Implementation\Modules\Registry</Filter>
    </ClCompile>
    <ClCompile Include="Macros.cpp">
      <Filter>Implementation\Fixes\Macros</Filter>
    </ClCompile>
    <ClCompile Include="Trade.cpp">
      <Filter>Implementation\Fixes\Trade</Filter>
    </ClCompile>
    <ClCompile Include="ItemCheckHelper.cpp">
      <Filter>Implementation\Utils</Filter>
    </ClCompile>
    <ClCompile Include="UnitDelivery.cpp">
      <Filter>Implementation\Fixes\UnitDelivery</Filter>
    </ClCompile>
  </ItemGroup>
  <ItemGroup>
    <ClInclude Include="stdafx.h">
      <Filter>Main</Filter>
    </ClInclude>
    <ClInclude Include="Yorozuya.h">
      <Filter>Implementation</Filter>
    </ClInclude>
    <ClInclude Include="..\Common\Helpers\SingletonHelper.hpp">
      <Filter>Common\Helpers</Filter>
    </ClInclude>
    <ClInclude Include="..\Common\Interfaces\ModuleInterface.h">
      <Filter>Common\Interfaces</Filter>
    </ClInclude>
    <ClInclude Include="ModuleRegistry.h">
      <Filter>Implementation\Modules\Registry</Filter>
    </ClInclude>
    <ClInclude Include="..\Common\Helpers\ModuleDllHelper.hpp">
      <Filter>Common\Helpers</Filter>
    </ClInclude>
    <ClInclude Include="Macros.h">
      <Filter>Implementation\Fixes\Macros</Filter>
    </ClInclude>
    <ClInclude Include="Trade.h">
      <Filter>Implementation\Fixes\Trade</Filter>
    </ClInclude>
    <ClInclude Include="ItemCheckHelper.h">
      <Filter>Implementation\Utils</Filter>
    </ClInclude>
    <ClInclude Include="ETypes.h">
      <Filter>Implementation\Utils</Filter>
    </ClInclude>
    <ClInclude Include="UnitDelivery.h">
      <Filter>Implementation\Fixes\UnitDelivery</Filter>
    </ClInclude>
  </ItemGroup>
</Project>